
Microsoft Visual Studio Solution File, Format Version 12.00
# Visual Studio 15
VisualStudioVersion = 15.0.28307.421
MinimumVisualStudioVersion = 10.0.40219.1
Project("{9A19103F-16F7-4668-BE54-9A1E7A4F7556}") = "AspNetCoreMini", "AspNetCoreMini\AspNetCoreMini.csproj", "{95C2A507-6F2B-4D98-98E8-FA8E6B181245}"
EndProject
Global
	GlobalSection(SolutionConfigurationPlatforms) = preSolution
		Debug|Any CPU = Debug|Any CPU
		Release|Any CPU = Release|Any CPU
	EndGlobalSection
	GlobalSection(ProjectConfigurationPlatforms) = postSolution
		{95C2A507-6F2B-4D98-98E8-FA8E6B181245}.Debug|Any CPU.ActiveCfg = Debug|Any CPU
		{95C2A507-6F2B-4D98-98E8-FA8E6B181245}.Debug|Any CPU.Build.0 = Debug|Any CPU
		{95C2A507-6F2B-4D98-98E8-FA8E6B181245}.Release|Any CPU.ActiveCfg = Release|Any CPU
		{95C2A507-6F2B-4D98-98E8-FA8E6B181245}.Release|Any CPU.Build.0 = Release|Any CPU
	EndGlobalSection
	GlobalSection(SolutionProperties) = preSolution
		HideSolutionNode = FALSE
	EndGlobalSection
	GlobalSection(ExtensibilityGlobals) = postSolution
		SolutionGuid = {65C5385D-D047-4D90-AEB2-A5C280B5CC7D}
	EndGlobalSection
EndGlobal
