
Microsoft Visual Studio Solution File, Format Version 12.00
# Visual Studio Version 16
VisualStudioVersion = 16.0.28803.202
MinimumVisualStudioVersion = 10.0.40219.1
Project("{9A19103F-16F7-4668-BE54-9A1E7A4F7556}") = "AspNetCoreMini", "AspNetCoreMini\AspNetCoreMini.csproj", "{95C2A507-6F2B-4D98-98E8-FA8E6B181245}"
EndProject
Project("{FAE04EC0-301F-11D3-BF4B-00C04F79EFBC}") = "AspNetCoreMini.Extensions", "AspNetCoreMini.Extensions\AspNetCoreMini.Extensions.csproj", "{BB741EB7-E497-4C1B-BF06-74AF07FAE5A4}"
EndProject
Global
	GlobalSection(SolutionConfigurationPlatforms) = preSolution
		Debug|Any CPU = Debug|Any CPU
		Release|Any CPU = Release|Any CPU
	EndGlobalSection
	GlobalSection(ProjectConfigurationPlatforms) = postSolution
		{95C2A507-6F2B-4D98-98E8-FA8E6B181245}.Debug|Any CPU.ActiveCfg = Debug|Any CPU
		{95C2A507-6F2B-4D98-98E8-FA8E6B181245}.Debug|Any CPU.Build.0 = Debug|Any CPU
		{95C2A507-6F2B-4D98-98E8-FA8E6B181245}.Release|Any CPU.ActiveCfg = Release|Any CPU
		{95C2A507-6F2B-4D98-98E8-FA8E6B181245}.Release|Any CPU.Build.0 = Release|Any CPU
		{BB741EB7-E497-4C1B-BF06-74AF07FAE5A4}.Debug|Any CPU.ActiveCfg = Debug|Any CPU
		{BB741EB7-E497-4C1B-BF06-74AF07FAE5A4}.Debug|Any CPU.Build.0 = Debug|Any CPU
		{BB741EB7-E497-4C1B-BF06-74AF07FAE5A4}.Release|Any CPU.ActiveCfg = Release|Any CPU
		{BB741EB7-E497-4C1B-BF06-74AF07FAE5A4}.Release|Any CPU.Build.0 = Release|Any CPU
	EndGlobalSection
	GlobalSection(SolutionProperties) = preSolution
		HideSolutionNode = FALSE
	EndGlobalSection
	GlobalSection(ExtensibilityGlobals) = postSolution
		SolutionGuid = {65C5385D-D047-4D90-AEB2-A5C280B5CC7D}
	EndGlobalSection
EndGlobal
